
Microsoft Visual Studio Solution File, Format Version 12.00
# Visual Studio 15
VisualStudioVersion = 15.0.26124.0
MinimumVisualStudioVersion = 15.0.26124.0
Project("{2150E333-8FDC-42A3-9474-1A3956D46DE8}") = "src", "src", "{B888D58E-6739-43DC-9764-723A06921AC9}"
EndProject
Project("{F2A71F9B-5D33-465A-A702-920D77279786}") = "Chamook.Sample", "src\Chamook.Sample\Chamook.Sample.fsproj", "{9E401CBD-309E-413A-A7F4-C1CDB31DA19E}"
EndProject
Project("{2150E333-8FDC-42A3-9474-1A3956D46DE8}") = "test", "test", "{05C36AF2-3536-48C4-B24B-E6BDE2CDE2CA}"
EndProject
Project("{F2A71F9B-5D33-465A-A702-920D77279786}") = "Chamook.Sample.Test", "test\Chamook.Sample.Test\Chamook.Sample.Test.fsproj", "{6B16CFA6-F714-434C-9271-BCA25C1B6C7E}"
EndProject
Global
	GlobalSection(SolutionConfigurationPlatforms) = preSolution
		Debug|Any CPU = Debug|Any CPU
		Debug|x64 = Debug|x64
		Debug|x86 = Debug|x86
		Release|Any CPU = Release|Any CPU
		Release|x64 = Release|x64
		Release|x86 = Release|x86
	EndGlobalSection
	GlobalSection(SolutionProperties) = preSolution
		HideSolutionNode = FALSE
	EndGlobalSection
	GlobalSection(ProjectConfigurationPlatforms) = postSolution
		{9E401CBD-309E-413A-A7F4-C1CDB31DA19E}.Debug|Any CPU.ActiveCfg = Debug|Any CPU
		{9E401CBD-309E-413A-A7F4-C1CDB31DA19E}.Debug|Any CPU.Build.0 = Debug|Any CPU
		{9E401CBD-309E-413A-A7F4-C1CDB31DA19E}.Debug|x64.ActiveCfg = Debug|Any CPU
		{9E401CBD-309E-413A-A7F4-C1CDB31DA19E}.Debug|x64.Build.0 = Debug|Any CPU
		{9E401CBD-309E-413A-A7F4-C1CDB31DA19E}.Debug|x86.ActiveCfg = Debug|Any CPU
		{9E401CBD-309E-413A-A7F4-C1CDB31DA19E}.Debug|x86.Build.0 = Debug|Any CPU
		{9E401CBD-309E-413A-A7F4-C1CDB31DA19E}.Release|Any CPU.ActiveCfg = Release|Any CPU
		{9E401CBD-309E-413A-A7F4-C1CDB31DA19E}.Release|Any CPU.Build.0 = Release|Any CPU
		{9E401CBD-309E-413A-A7F4-C1CDB31DA19E}.Release|x64.ActiveCfg = Release|Any CPU
		{9E401CBD-309E-413A-A7F4-C1CDB31DA19E}.Release|x64.Build.0 = Release|Any CPU
		{9E401CBD-309E-413A-A7F4-C1CDB31DA19E}.Release|x86.ActiveCfg = Release|Any CPU
		{9E401CBD-309E-413A-A7F4-C1CDB31DA19E}.Release|x86.Build.0 = Release|Any CPU
		{6B16CFA6-F714-434C-9271-BCA25C1B6C7E}.Debug|Any CPU.ActiveCfg = Debug|Any CPU
		{6B16CFA6-F714-434C-9271-BCA25C1B6C7E}.Debug|Any CPU.Build.0 = Debug|Any CPU
		{6B16CFA6-F714-434C-9271-BCA25C1B6C7E}.Debug|x64.ActiveCfg = Debug|Any CPU
		{6B16CFA6-F714-434C-9271-BCA25C1B6C7E}.Debug|x64.Build.0 = Debug|Any CPU
		{6B16CFA6-F714-434C-9271-BCA25C1B6C7E}.Debug|x86.ActiveCfg = Debug|Any CPU
		{6B16CFA6-F714-434C-9271-BCA25C1B6C7E}.Debug|x86.Build.0 = Debug|Any CPU
		{6B16CFA6-F714-434C-9271-BCA25C1B6C7E}.Release|Any CPU.ActiveCfg = Release|Any CPU
		{6B16CFA6-F714-434C-9271-BCA25C1B6C7E}.Release|Any CPU.Build.0 = Release|Any CPU
		{6B16CFA6-F714-434C-9271-BCA25C1B6C7E}.Release|x64.ActiveCfg = Release|Any CPU
		{6B16CFA6-F714-434C-9271-BCA25C1B6C7E}.Release|x64.Build.0 = Release|Any CPU
		{6B16CFA6-F714-434C-9271-BCA25C1B6C7E}.Release|x86.ActiveCfg = Release|Any CPU
		{6B16CFA6-F714-434C-9271-BCA25C1B6C7E}.Release|x86.Build.0 = Release|Any CPU
	EndGlobalSection
	GlobalSection(NestedProjects) = preSolution
		{9E401CBD-309E-413A-A7F4-C1CDB31DA19E} = {B888D58E-6739-43DC-9764-723A06921AC9}
		{6B16CFA6-F714-434C-9271-BCA25C1B6C7E} = {05C36AF2-3536-48C4-B24B-E6BDE2CDE2CA}
	EndGlobalSection
EndGlobal
